
Microsoft Visual Studio Solution File, Format Version 12.00
# Visual Studio 15
VisualStudioVersion = 15.0.27703.2026
MinimumVisualStudioVersion = 10.0.40219.1
Project("{FAE04EC0-301F-11D3-BF4B-00C04F79EFBC}") = "GameOfLifeModel", "GameOfLifeModel\GameOfLifeModel.csproj", "{021E257D-E09A-4455-84E6-C61D6C0C6A85}"
EndProject
Project("{FAE04EC0-301F-11D3-BF4B-00C04F79EFBC}") = "WpfGameOfLife", "WpfGameOfLife\WpfGameOfLife.csproj", "{5633AA41-4386-4BD3-9076-E452EED2208E}"
	ProjectSection(ProjectDependencies) = postProject
		{021E257D-E09A-4455-84E6-C61D6C0C6A85} = {021E257D-E09A-4455-84E6-C61D6C0C6A85}
	EndProjectSection
EndProject
Project("{FAE04EC0-301F-11D3-BF4B-00C04F79EFBC}") = "FormGameOfLife", "FormGameOfLife\FormGameOfLife.csproj", "{3B2D2CA4-3B30-4452-8B65-173ED9437BD1}"
	ProjectSection(ProjectDependencies) = postProject
		{021E257D-E09A-4455-84E6-C61D6C0C6A85} = {021E257D-E09A-4455-84E6-C61D6C0C6A85}
	EndProjectSection
EndProject
Global
	GlobalSection(SolutionConfigurationPlatforms) = preSolution
		Debug|Any CPU = Debug|Any CPU
		Release|Any CPU = Release|Any CPU
	EndGlobalSection
	GlobalSection(ProjectConfigurationPlatforms) = postSolution
		{021E257D-E09A-4455-84E6-C61D6C0C6A85}.Debug|Any CPU.ActiveCfg = Debug|Any CPU
		{021E257D-E09A-4455-84E6-C61D6C0C6A85}.Debug|Any CPU.Build.0 = Debug|Any CPU
		{021E257D-E09A-4455-84E6-C61D6C0C6A85}.Release|Any CPU.ActiveCfg = Release|Any CPU
		{021E257D-E09A-4455-84E6-C61D6C0C6A85}.Release|Any CPU.Build.0 = Release|Any CPU
		{5633AA41-4386-4BD3-9076-E452EED2208E}.Debug|Any CPU.ActiveCfg = Debug|Any CPU
		{5633AA41-4386-4BD3-9076-E452EED2208E}.Debug|Any CPU.Build.0 = Debug|Any CPU
		{5633AA41-4386-4BD3-9076-E452EED2208E}.Release|Any CPU.ActiveCfg = Release|Any CPU
		{5633AA41-4386-4BD3-9076-E452EED2208E}.Release|Any CPU.Build.0 = Release|Any CPU
		{3B2D2CA4-3B30-4452-8B65-173ED9437BD1}.Debug|Any CPU.ActiveCfg = Debug|Any CPU
		{3B2D2CA4-3B30-4452-8B65-173ED9437BD1}.Debug|Any CPU.Build.0 = Debug|Any CPU
		{3B2D2CA4-3B30-4452-8B65-173ED9437BD1}.Release|Any CPU.ActiveCfg = Release|Any CPU
		{3B2D2CA4-3B30-4452-8B65-173ED9437BD1}.Release|Any CPU.Build.0 = Release|Any CPU
	EndGlobalSection
	GlobalSection(SolutionProperties) = preSolution
		HideSolutionNode = FALSE
	EndGlobalSection
	GlobalSection(ExtensibilityGlobals) = postSolution
		SolutionGuid = {B8056DE9-5AF6-4B3E-861D-DB8897D26944}
	EndGlobalSection
EndGlobal
